
Microsoft Visual Studio Solution File, Format Version 12.00
# Visual Studio Version 17
VisualStudioVersion = 17.7.34018.315
MinimumVisualStudioVersion = 10.0.40219.1
Project("{FAE04EC0-301F-11D3-BF4B-00C04F79EFBC}") = "AnimalSite", "AnimalSite\AnimalSite.csproj", "{CF545790-26E6-4211-BB21-CDD45A141FA7}"
EndProject
Global
	GlobalSection(SolutionConfigurationPlatforms) = preSolution
		Debug|Any CPU = Debug|Any CPU
		Release|Any CPU = Release|Any CPU
	EndGlobalSection
	GlobalSection(ProjectConfigurationPlatforms) = postSolution
		{CF545790-26E6-4211-BB21-CDD45A141FA7}.Debug|Any CPU.ActiveCfg = Debug|Any CPU
		{CF545790-26E6-4211-BB21-CDD45A141FA7}.Debug|Any CPU.Build.0 = Debug|Any CPU
		{CF545790-26E6-4211-BB21-CDD45A141FA7}.Release|Any CPU.ActiveCfg = Release|Any CPU
		{CF545790-26E6-4211-BB21-CDD45A141FA7}.Release|Any CPU.Build.0 = Release|Any CPU
	EndGlobalSection
	GlobalSection(SolutionProperties) = preSolution
		HideSolutionNode = FALSE
	EndGlobalSection
	GlobalSection(ExtensibilityGlobals) = postSolution
		SolutionGuid = {D8170FCF-EB21-44EB-8CAB-84ACAB94159C}
	EndGlobalSection
EndGlobal
